
Microsoft Visual Studio Solution File, Format Version 12.00
# Visual Studio 15
VisualStudioVersion = 15.0.26020.0
MinimumVisualStudioVersion = 10.0.40219.1
Project("{FAE04EC0-301F-11D3-BF4B-00C04F79EFBC}") = "CodinGame", "CodinGame\CodinGame.csproj", "{F39A7173-026F-4DED-A837-04BF6679EF7F}"
EndProject
Project("{FAE04EC0-301F-11D3-BF4B-00C04F79EFBC}") = "ChuckNorris", "ChuckNorris\ChuckNorris.csproj", "{87060627-F08D-447C-88DF-A13F6C5C3C52}"
EndProject
Project("{FAE04EC0-301F-11D3-BF4B-00C04F79EFBC}") = "Skynet", "Skynet\Skynet.csproj", "{06227F5F-8FC9-4F5E-BF0C-9815F5DCBD7E}"
EndProject
Project("{FAE04EC0-301F-11D3-BF4B-00C04F79EFBC}") = "shadows-of-the-knight-episode-1", "shadows-of-the-knight-episode-1\shadows-of-the-knight-episode-1.csproj", "{F4821320-E964-49C0-A1BE-2DCB2553E0AD}"
EndProject
Project("{FAE04EC0-301F-11D3-BF4B-00C04F79EFBC}") = "skynet-revolution-episode-2", "skynet-revolution-episode-2\skynet-revolution-episode-2.csproj", "{B04B19AC-ABB8-4129-99D5-FB96870B8F21}"
EndProject
Project("{FAE04EC0-301F-11D3-BF4B-00C04F79EFBC}") = "Code_of_the_rings", "Code_of_the_rings\Code_of_the_rings.csproj", "{3BC9443C-610E-45F5-8E23-F5EB3B88FB8C}"
EndProject
Global
	GlobalSection(SolutionConfigurationPlatforms) = preSolution
		Debug|Any CPU = Debug|Any CPU
		Release|Any CPU = Release|Any CPU
	EndGlobalSection
	GlobalSection(ProjectConfigurationPlatforms) = postSolution
		{F39A7173-026F-4DED-A837-04BF6679EF7F}.Debug|Any CPU.ActiveCfg = Debug|Any CPU
		{F39A7173-026F-4DED-A837-04BF6679EF7F}.Debug|Any CPU.Build.0 = Debug|Any CPU
		{F39A7173-026F-4DED-A837-04BF6679EF7F}.Release|Any CPU.ActiveCfg = Release|Any CPU
		{F39A7173-026F-4DED-A837-04BF6679EF7F}.Release|Any CPU.Build.0 = Release|Any CPU
		{87060627-F08D-447C-88DF-A13F6C5C3C52}.Debug|Any CPU.ActiveCfg = Debug|Any CPU
		{87060627-F08D-447C-88DF-A13F6C5C3C52}.Debug|Any CPU.Build.0 = Debug|Any CPU
		{87060627-F08D-447C-88DF-A13F6C5C3C52}.Release|Any CPU.ActiveCfg = Release|Any CPU
		{87060627-F08D-447C-88DF-A13F6C5C3C52}.Release|Any CPU.Build.0 = Release|Any CPU
		{06227F5F-8FC9-4F5E-BF0C-9815F5DCBD7E}.Debug|Any CPU.ActiveCfg = Debug|Any CPU
		{06227F5F-8FC9-4F5E-BF0C-9815F5DCBD7E}.Debug|Any CPU.Build.0 = Debug|Any CPU
		{06227F5F-8FC9-4F5E-BF0C-9815F5DCBD7E}.Release|Any CPU.ActiveCfg = Release|Any CPU
		{06227F5F-8FC9-4F5E-BF0C-9815F5DCBD7E}.Release|Any CPU.Build.0 = Release|Any CPU
		{F4821320-E964-49C0-A1BE-2DCB2553E0AD}.Debug|Any CPU.ActiveCfg = Debug|Any CPU
		{F4821320-E964-49C0-A1BE-2DCB2553E0AD}.Debug|Any CPU.Build.0 = Debug|Any CPU
		{F4821320-E964-49C0-A1BE-2DCB2553E0AD}.Release|Any CPU.ActiveCfg = Release|Any CPU
		{F4821320-E964-49C0-A1BE-2DCB2553E0AD}.Release|Any CPU.Build.0 = Release|Any CPU
		{B04B19AC-ABB8-4129-99D5-FB96870B8F21}.Debug|Any CPU.ActiveCfg = Debug|Any CPU
		{B04B19AC-ABB8-4129-99D5-FB96870B8F21}.Debug|Any CPU.Build.0 = Debug|Any CPU
		{B04B19AC-ABB8-4129-99D5-FB96870B8F21}.Release|Any CPU.ActiveCfg = Release|Any CPU
		{B04B19AC-ABB8-4129-99D5-FB96870B8F21}.Release|Any CPU.Build.0 = Release|Any CPU
		{3BC9443C-610E-45F5-8E23-F5EB3B88FB8C}.Debug|Any CPU.ActiveCfg = Debug|Any CPU
		{3BC9443C-610E-45F5-8E23-F5EB3B88FB8C}.Debug|Any CPU.Build.0 = Debug|Any CPU
		{3BC9443C-610E-45F5-8E23-F5EB3B88FB8C}.Release|Any CPU.ActiveCfg = Release|Any CPU
		{3BC9443C-610E-45F5-8E23-F5EB3B88FB8C}.Release|Any CPU.Build.0 = Release|Any CPU
	EndGlobalSection
	GlobalSection(SolutionProperties) = preSolution
		HideSolutionNode = FALSE
	EndGlobalSection
	GlobalSection(ExtensibilityGlobals) = postSolution
		SolutionGuid = {4D63A5E5-B422-4943-A25D-AF1042DFB51E}
	EndGlobalSection
EndGlobal
